// !$*UTF8*$!
{
	archiveVersion = 1;
	classes = {
	};
	objectVersion = 55;
	objects = {

/* Begin PBXBuildFile section */
		EF4B5D2F2877354500468C05 /* AuthView.swift in Sources */ = {isa = PBXBuildFile; fileRef = EF4B5D2E2877354500468C05 /* AuthView.swift */; };
		EF4B5D3128773C6D00468C05 /* FeedView.swift in Sources */ = {isa = PBXBuildFile; fileRef = EF4B5D3028773C6D00468C05 /* FeedView.swift */; };
		EF4B5D3328773E5B00468C05 /* UserDetail.swift in Sources */ = {isa = PBXBuildFile; fileRef = EF4B5D3228773E5B00468C05 /* UserDetail.swift */; };
		EF53133A2879F35F00D0A238 /* UserPhotoItemView.swift in Sources */ = {isa = PBXBuildFile; fileRef = EF5313392879F35F00D0A238 /* UserPhotoItemView.swift */; };
		EF53133D287B200F00D0A238 /* Kingfisher in Frameworks */ = {isa = PBXBuildFile; productRef = EF53133C287B200F00D0A238 /* Kingfisher */; };
		EF7D5E7528743EC600FF87A7 /* CircleImage.swift in Sources */ = {isa = PBXBuildFile; fileRef = EF7D5E7428743EC600FF87A7 /* CircleImage.swift */; };
		EF7D5E772874511200FF87A7 /* AppNavigationView.swift in Sources */ = {isa = PBXBuildFile; fileRef = EF7D5E762874511200FF87A7 /* AppNavigationView.swift */; };
		EF7D5E792874554C00FF87A7 /* groupData.json in Resources */ = {isa = PBXBuildFile; fileRef = EF7D5E782874554C00FF87A7 /* groupData.json */; };
		EF7D5E7B2874595400FF87A7 /* GroupModel.swift in Sources */ = {isa = PBXBuildFile; fileRef = EF7D5E7A2874595400FF87A7 /* GroupModel.swift */; };
		EF7D5E7D287459C400FF87A7 /* GroupRow.swift in Sources */ = {isa = PBXBuildFile; fileRef = EF7D5E7C287459C400FF87A7 /* GroupRow.swift */; };
		EF7D5E8828745CCB00FF87A7 /* RectangleImage.swift in Sources */ = {isa = PBXBuildFile; fileRef = EF7D5E8728745CCB00FF87A7 /* RectangleImage.swift */; };
		EFB6289C285D291700517E8C /* VKSwiftUIApp.swift in Sources */ = {isa = PBXBuildFile; fileRef = EFB6289B285D291700517E8C /* VKSwiftUIApp.swift */; };
		EFB6289E285D291700517E8C /* LoginView.swift in Sources */ = {isa = PBXBuildFile; fileRef = EFB6289D285D291700517E8C /* LoginView.swift */; };
		EFB628A0285D291A00517E8C /* Assets.xcassets in Resources */ = {isa = PBXBuildFile; fileRef = EFB6289F285D291A00517E8C /* Assets.xcassets */; };
		EFB628A3285D291A00517E8C /* Preview Assets.xcassets in Resources */ = {isa = PBXBuildFile; fileRef = EFB628A2285D291A00517E8C /* Preview Assets.xcassets */; };
		EFB628AA2863C2DA00517E8C /* UserView.swift in Sources */ = {isa = PBXBuildFile; fileRef = EFB628A92863C2DA00517E8C /* UserView.swift */; };
		EFB628AC286F2FAF00517E8C /* FriendModel.swift in Sources */ = {isa = PBXBuildFile; fileRef = EFB628AB286F2FAF00517E8C /* FriendModel.swift */; };
		EFB628B2286F47B300517E8C /* GroupView.swift in Sources */ = {isa = PBXBuildFile; fileRef = EFB628B1286F47B300517E8C /* GroupView.swift */; };
		EFB628C1287418D200517E8C /* UserRow.swift in Sources */ = {isa = PBXBuildFile; fileRef = EFB628C0287418D200517E8C /* UserRow.swift */; };
		EFB628C328741CBB00517E8C /* ModelData.swift in Sources */ = {isa = PBXBuildFile; fileRef = EFB628C228741CBB00517E8C /* ModelData.swift */; };
		EFB628CA2874215600517E8C /* friendData.json in Resources */ = {isa = PBXBuildFile; fileRef = EFB628C92874215600517E8C /* friendData.json */; };
/* End PBXBuildFile section */

/* Begin PBXFileReference section */
		EF4B5D2E2877354500468C05 /* AuthView.swift */ = {isa = PBXFileReference; lastKnownFileType = sourcecode.swift; path = AuthView.swift; sourceTree = "<group>"; };
		EF4B5D3028773C6D00468C05 /* FeedView.swift */ = {isa = PBXFileReference; lastKnownFileType = sourcecode.swift; path = FeedView.swift; sourceTree = "<group>"; };
		EF4B5D3228773E5B00468C05 /* UserDetail.swift */ = {isa = PBXFileReference; lastKnownFileType = sourcecode.swift; path = UserDetail.swift; sourceTree = "<group>"; };
		EF5313392879F35F00D0A238 /* UserPhotoItemView.swift */ = {isa = PBXFileReference; lastKnownFileType = sourcecode.swift; path = UserPhotoItemView.swift; sourceTree = "<group>"; };
		EF7D5E7428743EC600FF87A7 /* CircleImage.swift */ = {isa = PBXFileReference; lastKnownFileType = sourcecode.swift; path = CircleImage.swift; sourceTree = "<group>"; };
		EF7D5E762874511200FF87A7 /* AppNavigationView.swift */ = {isa = PBXFileReference; lastKnownFileType = sourcecode.swift; path = AppNavigationView.swift; sourceTree = "<group>"; };
		EF7D5E782874554C00FF87A7 /* groupData.json */ = {isa = PBXFileReference; lastKnownFileType = text.json; path = groupData.json; sourceTree = "<group>"; xcLanguageSpecificationIdentifier = xcode.lang.json; };
		EF7D5E7A2874595400FF87A7 /* GroupModel.swift */ = {isa = PBXFileReference; lastKnownFileType = sourcecode.swift; path = GroupModel.swift; sourceTree = "<group>"; };
		EF7D5E7C287459C400FF87A7 /* GroupRow.swift */ = {isa = PBXFileReference; lastKnownFileType = sourcecode.swift; path = GroupRow.swift; sourceTree = "<group>"; };
		EF7D5E8728745CCB00FF87A7 /* RectangleImage.swift */ = {isa = PBXFileReference; lastKnownFileType = sourcecode.swift; path = RectangleImage.swift; sourceTree = "<group>"; };
		EFB62898285D291700517E8C /* VKSwiftUI.app */ = {isa = PBXFileReference; explicitFileType = wrapper.application; includeInIndex = 0; path = VKSwiftUI.app; sourceTree = BUILT_PRODUCTS_DIR; };
		EFB6289B285D291700517E8C /* VKSwiftUIApp.swift */ = {isa = PBXFileReference; lastKnownFileType = sourcecode.swift; path = VKSwiftUIApp.swift; sourceTree = "<group>"; };
		EFB6289D285D291700517E8C /* LoginView.swift */ = {isa = PBXFileReference; lastKnownFileType = sourcecode.swift; path = LoginView.swift; sourceTree = "<group>"; };
		EFB6289F285D291A00517E8C /* Assets.xcassets */ = {isa = PBXFileReference; lastKnownFileType = folder.assetcatalog; path = Assets.xcassets; sourceTree = "<group>"; };
		EFB628A2285D291A00517E8C /* Preview Assets.xcassets */ = {isa = PBXFileReference; lastKnownFileType = folder.assetcatalog; path = "Preview Assets.xcassets"; sourceTree = "<group>"; };
		EFB628A92863C2DA00517E8C /* UserView.swift */ = {isa = PBXFileReference; lastKnownFileType = sourcecode.swift; path = UserView.swift; sourceTree = "<group>"; };
		EFB628AB286F2FAF00517E8C /* FriendModel.swift */ = {isa = PBXFileReference; lastKnownFileType = sourcecode.swift; path = FriendModel.swift; sourceTree = "<group>"; };
		EFB628B1286F47B300517E8C /* GroupView.swift */ = {isa = PBXFileReference; lastKnownFileType = sourcecode.swift; path = GroupView.swift; sourceTree = "<group>"; };
		EFB628C0287418D200517E8C /* UserRow.swift */ = {isa = PBXFileReference; lastKnownFileType = sourcecode.swift; path = UserRow.swift; sourceTree = "<group>"; };
		EFB628C228741CBB00517E8C /* ModelData.swift */ = {isa = PBXFileReference; lastKnownFileType = sourcecode.swift; path = ModelData.swift; sourceTree = "<group>"; };
		EFB628C92874215600517E8C /* friendData.json */ = {isa = PBXFileReference; lastKnownFileType = text.json; path = friendData.json; sourceTree = "<group>"; xcLanguageSpecificationIdentifier = xcode.lang.json; };
/* End PBXFileReference section */

/* Begin PBXFrameworksBuildPhase section */
		EFB62895285D291700517E8C /* Frameworks */ = {
			isa = PBXFrameworksBuildPhase;
			buildActionMask = 2147483647;
			files = (
				EF53133D287B200F00D0A238 /* Kingfisher in Frameworks */,
			);
			runOnlyForDeploymentPostprocessing = 0;
		};
/* End PBXFrameworksBuildPhase section */

/* Begin PBXGroup section */
		EF7D5E7E28745A1F00FF87A7 /* JSON Models */ = {
			isa = PBXGroup;
			children = (
				EFB628C92874215600517E8C /* friendData.json */,
				EF7D5E782874554C00FF87A7 /* groupData.json */,
			);
			path = "JSON Models";
			sourceTree = "<group>";
		};
		EF7D5E7F28745A3D00FF87A7 /* Data Models */ = {
			isa = PBXGroup;
			children = (
				EFB628AB286F2FAF00517E8C /* FriendModel.swift */,
				EF7D5E7A2874595400FF87A7 /* GroupModel.swift */,
			);
			path = "Data Models";
			sourceTree = "<group>";
		};
		EF7D5E8028745A5600FF87A7 /* Views  */ = {
			isa = PBXGroup;
			children = (
				EF7D5E762874511200FF87A7 /* AppNavigationView.swift */,
				EFB6289D285D291700517E8C /* LoginView.swift */,
				EF4B5D2E2877354500468C05 /* AuthView.swift */,
				EFB628A92863C2DA00517E8C /* UserView.swift */,
				EF5313392879F35F00D0A238 /* UserPhotoItemView.swift */,
				EF4B5D3228773E5B00468C05 /* UserDetail.swift */,
				EF4B5D3028773C6D00468C05 /* FeedView.swift */,
				EFB628B1286F47B300517E8C /* GroupView.swift */,
			);
			path = "Views ";
			sourceTree = "<group>";
		};
		EF7D5E8128745A6400FF87A7 /* Rows */ = {
			isa = PBXGroup;
			children = (
				EFB628C0287418D200517E8C /* UserRow.swift */,
				EF7D5E7C287459C400FF87A7 /* GroupRow.swift */,
			);
			path = Rows;
			sourceTree = "<group>";
		};
		EF7D5E8228745A7B00FF87A7 /* Hacks */ = {
			isa = PBXGroup;
			children = (
				EF7D5E7428743EC600FF87A7 /* CircleImage.swift */,
				EF7D5E8728745CCB00FF87A7 /* RectangleImage.swift */,
			);
			path = Hacks;
			sourceTree = "<group>";
		};
		EF7D5E8328745A8600FF87A7 /* Extensions */ = {
			isa = PBXGroup;
			children = (
				EFB628C228741CBB00517E8C /* ModelData.swift */,
			);
			path = Extensions;
			sourceTree = "<group>";
		};
		EF7D5E8428745A9E00FF87A7 /* Source */ = {
			isa = PBXGroup;
			children = (
				EFB6289B285D291700517E8C /* VKSwiftUIApp.swift */,
			);
			path = Source;
			sourceTree = "<group>";
		};
		EFB6288F285D291700517E8C = {
			isa = PBXGroup;
			children = (
				EFB6289A285D291700517E8C /* VKSwiftUI */,
				EFB62899285D291700517E8C /* Products */,
			);
			sourceTree = "<group>";
		};
		EFB62899285D291700517E8C /* Products */ = {
			isa = PBXGroup;
			children = (
				EFB62898285D291700517E8C /* VKSwiftUI.app */,
			);
			name = Products;
			sourceTree = "<group>";
		};
		EFB6289A285D291700517E8C /* VKSwiftUI */ = {
			isa = PBXGroup;
			children = (
				EF7D5E8428745A9E00FF87A7 /* Source */,
				EF7D5E8028745A5600FF87A7 /* Views  */,
				EF7D5E8228745A7B00FF87A7 /* Hacks */,
				EF7D5E8128745A6400FF87A7 /* Rows */,
				EF7D5E8328745A8600FF87A7 /* Extensions */,
				EF7D5E7E28745A1F00FF87A7 /* JSON Models */,
				EF7D5E7F28745A3D00FF87A7 /* Data Models */,
				EFB6289F285D291A00517E8C /* Assets.xcassets */,
				EFB628A1285D291A00517E8C /* Preview Content */,
			);
			path = VKSwiftUI;
			sourceTree = "<group>";
		};
		EFB628A1285D291A00517E8C /* Preview Content */ = {
			isa = PBXGroup;
			children = (
				EFB628A2285D291A00517E8C /* Preview Assets.xcassets */,
			);
			path = "Preview Content";
			sourceTree = "<group>";
		};
/* End PBXGroup section */

/* Begin PBXNativeTarget section */
		EFB62897285D291700517E8C /* VKSwiftUI */ = {
			isa = PBXNativeTarget;
			buildConfigurationList = EFB628A6285D291A00517E8C /* Build configuration list for PBXNativeTarget "VKSwiftUI" */;
			buildPhases = (
				EFB62894285D291700517E8C /* Sources */,
				EFB62895285D291700517E8C /* Frameworks */,
				EFB62896285D291700517E8C /* Resources */,
			);
			buildRules = (
			);
			dependencies = (
			);
			name = VKSwiftUI;
			packageProductDependencies = (
				EF53133C287B200F00D0A238 /* Kingfisher */,
			);
			productName = VKSwiftUI;
			productReference = EFB62898285D291700517E8C /* VKSwiftUI.app */;
			productType = "com.apple.product-type.application";
		};
/* End PBXNativeTarget section */

/* Begin PBXProject section */
		EFB62890285D291700517E8C /* Project object */ = {
			isa = PBXProject;
			attributes = {
				BuildIndependentTargetsInParallel = 1;
				LastSwiftUpdateCheck = 1340;
				LastUpgradeCheck = 1340;
				TargetAttributes = {
					EFB62897285D291700517E8C = {
						CreatedOnToolsVersion = 13.4.1;
					};
				};
			};
			buildConfigurationList = EFB62893285D291700517E8C /* Build configuration list for PBXProject "VKSwiftUI" */;
			compatibilityVersion = "Xcode 13.0";
			developmentRegion = en;
			hasScannedForEncodings = 0;
			knownRegions = (
				en,
				Base,
			);
			mainGroup = EFB6288F285D291700517E8C;
			packageReferences = (
				EF53133B287B200E00D0A238 /* XCRemoteSwiftPackageReference "Kingfisher" */,
			);
			productRefGroup = EFB62899285D291700517E8C /* Products */;
			projectDirPath = "";
			projectRoot = "";
			targets = (
				EFB62897285D291700517E8C /* VKSwiftUI */,
			);
		};
/* End PBXProject section */

/* Begin PBXResourcesBuildPhase section */
		EFB62896285D291700517E8C /* Resources */ = {
			isa = PBXResourcesBuildPhase;
			buildActionMask = 2147483647;
			files = (
				EF7D5E792874554C00FF87A7 /* groupData.json in Resources */,
				EFB628A3285D291A00517E8C /* Preview Assets.xcassets in Resources */,
				EFB628CA2874215600517E8C /* friendData.json in Resources */,
				EFB628A0285D291A00517E8C /* Assets.xcassets in Resources */,
			);
			runOnlyForDeploymentPostprocessing = 0;
		};
/* End PBXResourcesBuildPhase section */

/* Begin PBXSourcesBuildPhase section */
		EFB62894285D291700517E8C /* Sources */ = {
			isa = PBXSourcesBuildPhase;
			buildActionMask = 2147483647;
			files = (
				EF4B5D3128773C6D00468C05 /* FeedView.swift in Sources */,
				EFB6289E285D291700517E8C /* LoginView.swift in Sources */,
				EF7D5E7D287459C400FF87A7 /* GroupRow.swift in Sources */,
				EF7D5E7B2874595400FF87A7 /* GroupModel.swift in Sources */,
				EF4B5D2F2877354500468C05 /* AuthView.swift in Sources */,
				EF53133A2879F35F00D0A238 /* UserPhotoItemView.swift in Sources */,
				EF7D5E772874511200FF87A7 /* AppNavigationView.swift in Sources */,
				EF7D5E7528743EC600FF87A7 /* CircleImage.swift in Sources */,
				EFB628B2286F47B300517E8C /* GroupView.swift in Sources */,
				EFB628AC286F2FAF00517E8C /* FriendModel.swift in Sources */,
				EFB628C1287418D200517E8C /* UserRow.swift in Sources */,
				EF7D5E8828745CCB00FF87A7 /* RectangleImage.swift in Sources */,
				EFB628AA2863C2DA00517E8C /* UserView.swift in Sources */,
				EFB6289C285D291700517E8C /* VKSwiftUIApp.swift in Sources */,
				EF4B5D3328773E5B00468C05 /* UserDetail.swift in Sources */,
				EFB628C328741CBB00517E8C /* ModelData.swift in Sources */,
			);
			runOnlyForDeploymentPostprocessing = 0;
		};
/* End PBXSourcesBuildPhase section */

/* Begin XCBuildConfiguration section */
		EFB628A4285D291A00517E8C /* Debug */ = {
			isa = XCBuildConfiguration;
			buildSettings = {
				ALWAYS_SEARCH_USER_PATHS = NO;
				CLANG_ANALYZER_NONNULL = YES;
				CLANG_ANALYZER_NUMBER_OBJECT_CONVERSION = YES_AGGRESSIVE;
				CLANG_CXX_LANGUAGE_STANDARD = "gnu++17";
				CLANG_ENABLE_MODULES = YES;
				CLANG_ENABLE_OBJC_ARC = YES;
				CLANG_ENABLE_OBJC_WEAK = YES;
				CLANG_WARN_BLOCK_CAPTURE_AUTORELEASING = YES;
				CLANG_WARN_BOOL_CONVERSION = YES;
				CLANG_WARN_COMMA = YES;
				CLANG_WARN_CONSTANT_CONVERSION = YES;
				CLANG_WARN_DEPRECATED_OBJC_IMPLEMENTATIONS = YES;
				CLANG_WARN_DIRECT_OBJC_ISA_USAGE = YES_ERROR;
				CLANG_WARN_DOCUMENTATION_COMMENTS = YES;
				CLANG_WARN_EMPTY_BODY = YES;
				CLANG_WARN_ENUM_CONVERSION = YES;
				CLANG_WARN_INFINITE_RECURSION = YES;
				CLANG_WARN_INT_CONVERSION = YES;
				CLANG_WARN_NON_LITERAL_NULL_CONVERSION = YES;
				CLANG_WARN_OBJC_IMPLICIT_RETAIN_SELF = YES;
				CLANG_WARN_OBJC_LITERAL_CONVERSION = YES;
				CLANG_WARN_OBJC_ROOT_CLASS = YES_ERROR;
				CLANG_WARN_QUOTED_INCLUDE_IN_FRAMEWORK_HEADER = YES;
				CLANG_WARN_RANGE_LOOP_ANALYSIS = YES;
				CLANG_WARN_STRICT_PROTOTYPES = YES;
				CLANG_WARN_SUSPICIOUS_MOVE = YES;
				CLANG_WARN_UNGUARDED_AVAILABILITY = YES_AGGRESSIVE;
				CLANG_WARN_UNREACHABLE_CODE = YES;
				CLANG_WARN__DUPLICATE_METHOD_MATCH = YES;
				COPY_PHASE_STRIP = NO;
				DEBUG_INFORMATION_FORMAT = dwarf;
				ENABLE_STRICT_OBJC_MSGSEND = YES;
				ENABLE_TESTABILITY = YES;
				GCC_C_LANGUAGE_STANDARD = gnu11;
				GCC_DYNAMIC_NO_PIC = NO;
				GCC_NO_COMMON_BLOCKS = YES;
				GCC_OPTIMIZATION_LEVEL = 0;
				GCC_PREPROCESSOR_DEFINITIONS = (
					"DEBUG=1",
					"$(inherited)",
				);
				GCC_WARN_64_TO_32_BIT_CONVERSION = YES;
				GCC_WARN_ABOUT_RETURN_TYPE = YES_ERROR;
				GCC_WARN_UNDECLARED_SELECTOR = YES;
				GCC_WARN_UNINITIALIZED_AUTOS = YES_AGGRESSIVE;
				GCC_WARN_UNUSED_FUNCTION = YES;
				GCC_WARN_UNUSED_VARIABLE = YES;
				IPHONEOS_DEPLOYMENT_TARGET = 15.5;
				MTL_ENABLE_DEBUG_INFO = INCLUDE_SOURCE;
				MTL_FAST_MATH = YES;
				ONLY_ACTIVE_ARCH = YES;
				SDKROOT = iphoneos;
				SWIFT_ACTIVE_COMPILATION_CONDITIONS = DEBUG;
				SWIFT_OPTIMIZATION_LEVEL = "-Onone";
			};
			name = Debug;
		};
		EFB628A5285D291A00517E8C /* Release */ = {
			isa = XCBuildConfiguration;
			buildSettings = {
				ALWAYS_SEARCH_USER_PATHS = NO;
				CLANG_ANALYZER_NONNULL = YES;
				CLANG_ANALYZER_NUMBER_OBJECT_CONVERSION = YES_AGGRESSIVE;
				CLANG_CXX_LANGUAGE_STANDARD = "gnu++17";
				CLANG_ENABLE_MODULES = YES;
				CLANG_ENABLE_OBJC_ARC = YES;
				CLANG_ENABLE_OBJC_WEAK = YES;
				CLANG_WARN_BLOCK_CAPTURE_AUTORELEASING = YES;
				CLANG_WARN_BOOL_CONVERSION = YES;
				CLANG_WARN_COMMA = YES;
				CLANG_WARN_CONSTANT_CONVERSION = YES;
				CLANG_WARN_DEPRECATED_OBJC_IMPLEMENTATIONS = YES;
				CLANG_WARN_DIRECT_OBJC_ISA_USAGE = YES_ERROR;
				CLANG_WARN_DOCUMENTATION_COMMENTS = YES;
				CLANG_WARN_EMPTY_BODY = YES;
				CLANG_WARN_ENUM_CONVERSION = YES;
				CLANG_WARN_INFINITE_RECURSION = YES;
				CLANG_WARN_INT_CONVERSION = YES;
				CLANG_WARN_NON_LITERAL_NULL_CONVERSION = YES;
				CLANG_WARN_OBJC_IMPLICIT_RETAIN_SELF = YES;
				CLANG_WARN_OBJC_LITERAL_CONVERSION = YES;
				CLANG_WARN_OBJC_ROOT_CLASS = YES_ERROR;
				CLANG_WARN_QUOTED_INCLUDE_IN_FRAMEWORK_HEADER = YES;
				CLANG_WARN_RANGE_LOOP_ANALYSIS = YES;
				CLANG_WARN_STRICT_PROTOTYPES = YES;
				CLANG_WARN_SUSPICIOUS_MOVE = YES;
				CLANG_WARN_UNGUARDED_AVAILABILITY = YES_AGGRESSIVE;
				CLANG_WARN_UNREACHABLE_CODE = YES;
				CLANG_WARN__DUPLICATE_METHOD_MATCH = YES;
				COPY_PHASE_STRIP = NO;
				DEBUG_INFORMATION_FORMAT = "dwarf-with-dsym";
				ENABLE_NS_ASSERTIONS = NO;
				ENABLE_STRICT_OBJC_MSGSEND = YES;
				GCC_C_LANGUAGE_STANDARD = gnu11;
				GCC_NO_COMMON_BLOCKS = YES;
				GCC_WARN_64_TO_32_BIT_CONVERSION = YES;
				GCC_WARN_ABOUT_RETURN_TYPE = YES_ERROR;
				GCC_WARN_UNDECLARED_SELECTOR = YES;
				GCC_WARN_UNINITIALIZED_AUTOS = YES_AGGRESSIVE;
				GCC_WARN_UNUSED_FUNCTION = YES;
				GCC_WARN_UNUSED_VARIABLE = YES;
				IPHONEOS_DEPLOYMENT_TARGET = 15.5;
				MTL_ENABLE_DEBUG_INFO = NO;
				MTL_FAST_MATH = YES;
				SDKROOT = iphoneos;
				SWIFT_COMPILATION_MODE = wholemodule;
				SWIFT_OPTIMIZATION_LEVEL = "-O";
				VALIDATE_PRODUCT = YES;
			};
			name = Release;
		};
		EFB628A7285D291A00517E8C /* Debug */ = {
			isa = XCBuildConfiguration;
			buildSettings = {
				ASSETCATALOG_COMPILER_APPICON_NAME = AppIcon;
				ASSETCATALOG_COMPILER_GLOBAL_ACCENT_COLOR_NAME = AccentColor;
				CODE_SIGN_STYLE = Automatic;
				CURRENT_PROJECT_VERSION = 1;
				DEVELOPMENT_ASSET_PATHS = "\"VKSwiftUI/Preview Content\"";
				DEVELOPMENT_TEAM = 278UYG3PHP;
				ENABLE_PREVIEWS = YES;
				GENERATE_INFOPLIST_FILE = YES;
				INFOPLIST_KEY_UIApplicationSceneManifest_Generation = YES;
				INFOPLIST_KEY_UIApplicationSupportsIndirectInputEvents = YES;
				INFOPLIST_KEY_UILaunchScreen_Generation = YES;
				INFOPLIST_KEY_UISupportedInterfaceOrientations_iPad = "UIInterfaceOrientationPortrait UIInterfaceOrientationPortraitUpsideDown UIInterfaceOrientationLandscapeLeft UIInterfaceOrientationLandscapeRight";
				INFOPLIST_KEY_UISupportedInterfaceOrientations_iPhone = "UIInterfaceOrientationPortrait UIInterfaceOrientationLandscapeLeft UIInterfaceOrientationLandscapeRight";
				LD_RUNPATH_SEARCH_PATHS = (
					"$(inherited)",
					"@executable_path/Frameworks",
				);
				MARKETING_VERSION = 1.0;
				PRODUCT_BUNDLE_IDENTIFIER = tpolinas.VKSwiftUI;
				PRODUCT_NAME = "$(TARGET_NAME)";
				SWIFT_EMIT_LOC_STRINGS = YES;
				SWIFT_VERSION = 5.0;
				TARGETED_DEVICE_FAMILY = "1,2";
			};
			name = Debug;
		};
		EFB628A8285D291A00517E8C /* Release */ = {
			isa = XCBuildConfiguration;
			buildSettings = {
				ASSETCATALOG_COMPILER_APPICON_NAME = AppIcon;
				ASSETCATALOG_COMPILER_GLOBAL_ACCENT_COLOR_NAME = AccentColor;
				CODE_SIGN_STYLE = Automatic;
				CURRENT_PROJECT_VERSION = 1;
				DEVELOPMENT_ASSET_PATHS = "\"VKSwiftUI/Preview Content\"";
				DEVELOPMENT_TEAM = 278UYG3PHP;
				ENABLE_PREVIEWS = YES;
				GENERATE_INFOPLIST_FILE = YES;
				INFOPLIST_KEY_UIApplicationSceneManifest_Generation = YES;
				INFOPLIST_KEY_UIApplicationSupportsIndirectInputEvents = YES;
				INFOPLIST_KEY_UILaunchScreen_Generation = YES;
				INFOPLIST_KEY_UISupportedInterfaceOrientations_iPad = "UIInterfaceOrientationPortrait UIInterfaceOrientationPortraitUpsideDown UIInterfaceOrientationLandscapeLeft UIInterfaceOrientationLandscapeRight";
				INFOPLIST_KEY_UISupportedInterfaceOrientations_iPhone = "UIInterfaceOrientationPortrait UIInterfaceOrientationLandscapeLeft UIInterfaceOrientationLandscapeRight";
				LD_RUNPATH_SEARCH_PATHS = (
					"$(inherited)",
					"@executable_path/Frameworks",
				);
				MARKETING_VERSION = 1.0;
				PRODUCT_BUNDLE_IDENTIFIER = tpolinas.VKSwiftUI;
				PRODUCT_NAME = "$(TARGET_NAME)";
				SWIFT_EMIT_LOC_STRINGS = YES;
				SWIFT_VERSION = 5.0;
				TARGETED_DEVICE_FAMILY = "1,2";
			};
			name = Release;
		};
/* End XCBuildConfiguration section */

/* Begin XCConfigurationList section */
		EFB62893285D291700517E8C /* Build configuration list for PBXProject "VKSwiftUI" */ = {
			isa = XCConfigurationList;
			buildConfigurations = (
				EFB628A4285D291A00517E8C /* Debug */,
				EFB628A5285D291A00517E8C /* Release */,
			);
			defaultConfigurationIsVisible = 0;
			defaultConfigurationName = Release;
		};
		EFB628A6285D291A00517E8C /* Build configuration list for PBXNativeTarget "VKSwiftUI" */ = {
			isa = XCConfigurationList;
			buildConfigurations = (
				EFB628A7285D291A00517E8C /* Debug */,
				EFB628A8285D291A00517E8C /* Release */,
			);
			defaultConfigurationIsVisible = 0;
			defaultConfigurationName = Release;
		};
/* End XCConfigurationList section */

/* Begin XCRemoteSwiftPackageReference section */
		EF53133B287B200E00D0A238 /* XCRemoteSwiftPackageReference "Kingfisher" */ = {
			isa = XCRemoteSwiftPackageReference;
			repositoryURL = "https://github.com/onevcat/Kingfisher";
			requirement = {
				kind = upToNextMajorVersion;
				minimumVersion = 7.0.0;
			};
		};
/* End XCRemoteSwiftPackageReference section */

/* Begin XCSwiftPackageProductDependency section */
		EF53133C287B200F00D0A238 /* Kingfisher */ = {
			isa = XCSwiftPackageProductDependency;
			package = EF53133B287B200E00D0A238 /* XCRemoteSwiftPackageReference "Kingfisher" */;
			productName = Kingfisher;
		};
/* End XCSwiftPackageProductDependency section */
	};
	rootObject = EFB62890285D291700517E8C /* Project object */;
}
